Microsoft Visual Studio Solution File, Format Version 12.00
# Visual Studio 14
Project("{8BC9CEB8-8B4A-11D0-8D11-00A0C91BC942}") = "ALL_BUILD", "ALL_BUILD.vcxproj", "{1702B918-EEBF-35AA-9939-942E5DE5A535}"
	ProjectSection(ProjectDependencies) = postProject
		{54A370B1-ECBF-387D-B913-1BC1063BD4A8} = {54A370B1-ECBF-387D-B913-1BC1063BD4A8}
		{7F041CE8-87A4-3585-8C1C-A21BBDA1F46E} = {7F041CE8-87A4-3585-8C1C-A21BBDA1F46E}
		{28D3F717-5AB1-37F4-92B2-A38BDB2B4A11} = {28D3F717-5AB1-37F4-92B2-A38BDB2B4A11}
		{3C09B593-AD0C-3933-BDB4-1C5B31DB8585} = {3C09B593-AD0C-3933-BDB4-1C5B31DB8585}
		{3A3990B6-C2ED-32BE-B264-04D1342FD07C} = {3A3990B6-C2ED-32BE-B264-04D1342FD07C}
		{1EF3C109-A561-33EC-8FA0-78C3F7C85A71} = {1EF3C109-A561-33EC-8FA0-78C3F7C85A71}
		{6AF4F491-E197-33D2-8631-2281DBB77EA4} = {6AF4F491-E197-33D2-8631-2281DBB77EA4}
		{6C4398DE-A48E-38A8-821A-7CA711F246A6} = {6C4398DE-A48E-38A8-821A-7CA711F246A6}
		{8F3840F8-0D3B-3BD8-986B-8B628F1BF1C0} = {8F3840F8-0D3B-3BD8-986B-8B628F1BF1C0}
		{095CACAE-DAA2-3C07-B21A-F3C04690B7CB} = {095CACAE-DAA2-3C07-B21A-F3C04690B7CB}
		{5BCC22C1-B852-337C-8015-B5C9C494FEAA} = {5BCC22C1-B852-337C-8015-B5C9C494FEAA}
		{41EB21AF-DF02-301B-9CC5-FB6039D5BFCE} = {41EB21AF-DF02-301B-9CC5-FB6039D5BFCE}
		{72EBF015-2DF9-3A8D-9319-F1B86384FE99} = {72EBF015-2DF9-3A8D-9319-F1B86384FE99}
		{FC689D50-322E-3C66-A9B0-DADF1363E38F} = {FC689D50-322E-3C66-A9B0-DADF1363E38F}
		{CA19FCE3-4983-38A5-B4E4-A8C14FD3A347} = {CA19FCE3-4983-38A5-B4E4-A8C14FD3A347}
		{82846646-F094-3824-B4D3-46FA3B39507E} = {82846646-F094-3824-B4D3-46FA3B39507E}
		{9B3A9B25-8F26-3694-AFB8-37AA3E5B94F1} = {9B3A9B25-8F26-3694-AFB8-37AA3E5B94F1}
		{A2C3C0D0-3246-3EDA-88DF-5A5391A0BF4A} = {A2C3C0D0-3246-3EDA-88DF-5A5391A0BF4A}
		{1F3ED355-5298-3BED-BE96-C02A158FD0A9} = {1F3ED355-5298-3BED-BE96-C02A158FD0A9}
		{4C1F6B87-F202-30EE-BECF-C7F9C03D5A56} = {4C1F6B87-F202-30EE-BECF-C7F9C03D5A56}
		{2A9FBF89-EC50-380D-880A-3CE6851703F1} = {2A9FBF89-EC50-380D-880A-3CE6851703F1}
		{60BE0699-AEBF-340E-B5C4-2E6CE3C99663} = {60BE0699-AEBF-340E-B5C4-2E6CE3C99663}
		{15F2116F-6AFD-3B75-B4BD-4E6DD5DF6807} = {15F2116F-6AFD-3B75-B4BD-4E6DD5DF6807}
		{6D113A2B-4A10-334D-806E-1E4D3A76A142} = {6D113A2B-4A10-334D-806E-1E4D3A76A142}
		{514FEC53-0995-33A7-97C5-65BB2C874574} = {514FEC53-0995-33A7-97C5-65BB2C874574}
	EndProjectSection
EndProject
Project("{8BC9CEB8-8B4A-11D0-8D11-00A0C91BC942}") = "CallbackMaker", "CallbackMaker.vcxproj", "{54A370B1-ECBF-387D-B913-1BC1063BD4A8}"
	ProjectSection(ProjectDependencies) = postProject
		{72EBF015-2DF9-3A8D-9319-F1B86384FE99} = {72EBF015-2DF9-3A8D-9319-F1B86384FE99}
		{FC689D50-322E-3C66-A9B0-DADF1363E38F} = {FC689D50-322E-3C66-A9B0-DADF1363E38F}
	EndProjectSection
EndProject
Project("{8BC9CEB8-8B4A-11D0-8D11-00A0C91BC942}") = "CallbackMaker_static", "CallbackMaker_static.vcxproj", "{7F041CE8-87A4-3585-8C1C-A21BBDA1F46E}"
	ProjectSection(ProjectDependencies) = postProject
		{72EBF015-2DF9-3A8D-9319-F1B86384FE99} = {72EBF015-2DF9-3A8D-9319-F1B86384FE99}
		{CA19FCE3-4983-38A5-B4E4-A8C14FD3A347} = {CA19FCE3-4983-38A5-B4E4-A8C14FD3A347}
	EndProjectSection
EndProject
Project("{8BC9CEB8-8B4A-11D0-8D11-00A0C91BC942}") = "Fractals", "Fractals.vcxproj", "{28D3F717-5AB1-37F4-92B2-A38BDB2B4A11}"
	ProjectSection(ProjectDependencies) = postProject
		{72EBF015-2DF9-3A8D-9319-F1B86384FE99} = {72EBF015-2DF9-3A8D-9319-F1B86384FE99}
		{FC689D50-322E-3C66-A9B0-DADF1363E38F} = {FC689D50-322E-3C66-A9B0-DADF1363E38F}
	EndProjectSection
EndProject
Project("{8BC9CEB8-8B4A-11D0-8D11-00A0C91BC942}") = "Fractals_random", "Fractals_random.vcxproj", "{3C09B593-AD0C-3933-BDB4-1C5B31DB8585}"
	ProjectSection(ProjectDependencies) = postProject
		{72EBF015-2DF9-3A8D-9319-F1B86384FE99} = {72EBF015-2DF9-3A8D-9319-F1B86384FE99}
		{FC689D50-322E-3C66-A9B0-DADF1363E38F} = {FC689D50-322E-3C66-A9B0-DADF1363E38F}
	EndProjectSection
EndProject
Project("{8BC9CEB8-8B4A-11D0-8D11-00A0C91BC942}") = "Fractals_random_static", "Fractals_random_static.vcxproj", "{3A3990B6-C2ED-32BE-B264-04D1342FD07C}"
	ProjectSection(ProjectDependencies) = postProject
		{72EBF015-2DF9-3A8D-9319-F1B86384FE99} = {72EBF015-2DF9-3A8D-9319-F1B86384FE99}
		{CA19FCE3-4983-38A5-B4E4-A8C14FD3A347} = {CA19FCE3-4983-38A5-B4E4-A8C14FD3A347}
	EndProjectSection
EndProject
Project("{8BC9CEB8-8B4A-11D0-8D11-00A0C91BC942}") = "Fractals_static", "Fractals_static.vcxproj", "{1EF3C109-A561-33EC-8FA0-78C3F7C85A71}"
	ProjectSection(ProjectDependencies) = postProject
		{72EBF015-2DF9-3A8D-9319-F1B86384FE99} = {72EBF015-2DF9-3A8D-9319-F1B86384FE99}
		{CA19FCE3-4983-38A5-B4E4-A8C14FD3A347} = {CA19FCE3-4983-38A5-B4E4-A8C14FD3A347}
	EndProjectSection
EndProject
Project("{8BC9CEB8-8B4A-11D0-8D11-00A0C91BC942}") = "INSTALL", "INSTALL.vcxproj", "{148CF9AA-5F78-3084-9E1C-EB9B4D904AA5}"
	ProjectSection(ProjectDependencies) = postProject
		{1702B918-EEBF-35AA-9939-942E5DE5A535} = {1702B918-EEBF-35AA-9939-942E5DE5A535}
	EndProjectSection
EndProject
Project("{8BC9CEB8-8B4A-11D0-8D11-00A0C91BC942}") = "Lorenz", "Lorenz.vcxproj", "{6AF4F491-E197-33D2-8631-2281DBB77EA4}"
	ProjectSection(ProjectDependencies) = postProject
		{72EBF015-2DF9-3A8D-9319-F1B86384FE99} = {72EBF015-2DF9-3A8D-9319-F1B86384FE99}
		{FC689D50-322E-3C66-A9B0-DADF1363E38F} = {FC689D50-322E-3C66-A9B0-DADF1363E38F}
	EndProjectSection
EndProject
Project("{8BC9CEB8-8B4A-11D0-8D11-00A0C91BC942}") = "Lorenz_static", "Lorenz_static.vcxproj", "{6C4398DE-A48E-38A8-821A-7CA711F246A6}"
	ProjectSection(ProjectDependencies) = postProject
		{72EBF015-2DF9-3A8D-9319-F1B86384FE99} = {72EBF015-2DF9-3A8D-9319-F1B86384FE99}
		{CA19FCE3-4983-38A5-B4E4-A8C14FD3A347} = {CA19FCE3-4983-38A5-B4E4-A8C14FD3A347}
	EndProjectSection
EndProject
Project("{8BC9CEB8-8B4A-11D0-8D11-00A0C91BC942}") = "One", "One.vcxproj", "{8F3840F8-0D3B-3BD8-986B-8B628F1BF1C0}"
	ProjectSection(ProjectDependencies) = postProject
		{72EBF015-2DF9-3A8D-9319-F1B86384FE99} = {72EBF015-2DF9-3A8D-9319-F1B86384FE99}
		{FC689D50-322E-3C66-A9B0-DADF1363E38F} = {FC689D50-322E-3C66-A9B0-DADF1363E38F}
	EndProjectSection
EndProject
Project("{8BC9CEB8-8B4A-11D0-8D11-00A0C91BC942}") = "One_static", "One_static.vcxproj", "{095CACAE-DAA2-3C07-B21A-F3C04690B7CB}"
	ProjectSection(ProjectDependencies) = postProject
		{72EBF015-2DF9-3A8D-9319-F1B86384FE99} = {72EBF015-2DF9-3A8D-9319-F1B86384FE99}
		{CA19FCE3-4983-38A5-B4E4-A8C14FD3A347} = {CA19FCE3-4983-38A5-B4E4-A8C14FD3A347}
	EndProjectSection
EndProject
Project("{8BC9CEB8-8B4A-11D0-8D11-00A0C91BC942}") = "Resizer", "Resizer.vcxproj", "{5BCC22C1-B852-337C-8015-B5C9C494FEAA}"
	ProjectSection(ProjectDependencies) = postProject
		{72EBF015-2DF9-3A8D-9319-F1B86384FE99} = {72EBF015-2DF9-3A8D-9319-F1B86384FE99}
		{FC689D50-322E-3C66-A9B0-DADF1363E38F} = {FC689D50-322E-3C66-A9B0-DADF1363E38F}
	EndProjectSection
EndProject
Project("{8BC9CEB8-8B4A-11D0-8D11-00A0C91BC942}") = "Resizer_static", "Resizer_static.vcxproj", "{41EB21AF-DF02-301B-9CC5-FB6039D5BFCE}"
	ProjectSection(ProjectDependencies) = postProject
		{72EBF015-2DF9-3A8D-9319-F1B86384FE99} = {72EBF015-2DF9-3A8D-9319-F1B86384FE99}
		{CA19FCE3-4983-38A5-B4E4-A8C14FD3A347} = {CA19FCE3-4983-38A5-B4E4-A8C14FD3A347}
	EndProjectSection
EndProject
Project("{8BC9CEB8-8B4A-11D0-8D11-00A0C91BC942}") = "ZERO_CHECK", "ZERO_CHECK.vcxproj", "{72EBF015-2DF9-3A8D-9319-F1B86384FE99}"
	ProjectSection(ProjectDependencies) = postProject
	EndProjectSection
EndProject
Project("{8BC9CEB8-8B4A-11D0-8D11-00A0C91BC942}") = "freeglut", "freeglut.vcxproj", "{FC689D50-322E-3C66-A9B0-DADF1363E38F}"
	ProjectSection(ProjectDependencies) = postProject
		{72EBF015-2DF9-3A8D-9319-F1B86384FE99} = {72EBF015-2DF9-3A8D-9319-F1B86384FE99}
	EndProjectSection
EndProject
Project("{8BC9CEB8-8B4A-11D0-8D11-00A0C91BC942}") = "freeglut_static", "freeglut_static.vcxproj", "{CA19FCE3-4983-38A5-B4E4-A8C14FD3A347}"
	ProjectSection(ProjectDependencies) = postProject
		{72EBF015-2DF9-3A8D-9319-F1B86384FE99} = {72EBF015-2DF9-3A8D-9319-F1B86384FE99}
	EndProjectSection
EndProject
Project("{8BC9CEB8-8B4A-11D0-8D11-00A0C91BC942}") = "multi-touch", "multi-touch.vcxproj", "{82846646-F094-3824-B4D3-46FA3B39507E}"
	ProjectSection(ProjectDependencies) = postProject
		{72EBF015-2DF9-3A8D-9319-F1B86384FE99} = {72EBF015-2DF9-3A8D-9319-F1B86384FE99}
		{FC689D50-322E-3C66-A9B0-DADF1363E38F} = {FC689D50-322E-3C66-A9B0-DADF1363E38F}
	EndProjectSection
EndProject
Project("{8BC9CEB8-8B4A-11D0-8D11-00A0C91BC942}") = "multi-touch_static", "multi-touch_static.vcxproj", "{9B3A9B25-8F26-3694-AFB8-37AA3E5B94F1}"
	ProjectSection(ProjectDependencies) = postProject
		{72EBF015-2DF9-3A8D-9319-F1B86384FE99} = {72EBF015-2DF9-3A8D-9319-F1B86384FE99}
		{CA19FCE3-4983-38A5-B4E4-A8C14FD3A347} = {CA19FCE3-4983-38A5-B4E4-A8C14FD3A347}
	EndProjectSection
EndProject
Project("{8BC9CEB8-8B4A-11D0-8D11-00A0C91BC942}") = "shapes", "shapes.vcxproj", "{A2C3C0D0-3246-3EDA-88DF-5A5391A0BF4A}"
	ProjectSection(ProjectDependencies) = postProject
		{72EBF015-2DF9-3A8D-9319-F1B86384FE99} = {72EBF015-2DF9-3A8D-9319-F1B86384FE99}
		{FC689D50-322E-3C66-A9B0-DADF1363E38F} = {FC689D50-322E-3C66-A9B0-DADF1363E38F}
	EndProjectSection
EndProject
Project("{8BC9CEB8-8B4A-11D0-8D11-00A0C91BC942}") = "shapes_static", "shapes_static.vcxproj", "{1F3ED355-5298-3BED-BE96-C02A158FD0A9}"
	ProjectSection(ProjectDependencies) = postProject
		{72EBF015-2DF9-3A8D-9319-F1B86384FE99} = {72EBF015-2DF9-3A8D-9319-F1B86384FE99}
		{CA19FCE3-4983-38A5-B4E4-A8C14FD3A347} = {CA19FCE3-4983-38A5-B4E4-A8C14FD3A347}
	EndProjectSection
EndProject
Project("{8BC9CEB8-8B4A-11D0-8D11-00A0C91BC942}") = "smooth_opengl3", "smooth_opengl3.vcxproj", "{4C1F6B87-F202-30EE-BECF-C7F9C03D5A56}"
	ProjectSection(ProjectDependencies) = postProject
		{72EBF015-2DF9-3A8D-9319-F1B86384FE99} = {72EBF015-2DF9-3A8D-9319-F1B86384FE99}
		{FC689D50-322E-3C66-A9B0-DADF1363E38F} = {FC689D50-322E-3C66-A9B0-DADF1363E38F}
	EndProjectSection
EndProject
Project("{8BC9CEB8-8B4A-11D0-8D11-00A0C91BC942}") = "smooth_opengl3_static", "smooth_opengl3_static.vcxproj", "{2A9FBF89-EC50-380D-880A-3CE6851703F1}"
	ProjectSection(ProjectDependencies) = postProject
		{72EBF015-2DF9-3A8D-9319-F1B86384FE99} = {72EBF015-2DF9-3A8D-9319-F1B86384FE99}
		{CA19FCE3-4983-38A5-B4E4-A8C14FD3A347} = {CA19FCE3-4983-38A5-B4E4-A8C14FD3A347}
	EndProjectSection
EndProject
Project("{8BC9CEB8-8B4A-11D0-8D11-00A0C91BC942}") = "subwin", "subwin.vcxproj", "{60BE0699-AEBF-340E-B5C4-2E6CE3C99663}"
	ProjectSection(ProjectDependencies) = postProject
		{72EBF015-2DF9-3A8D-9319-F1B86384FE99} = {72EBF015-2DF9-3A8D-9319-F1B86384FE99}
		{FC689D50-322E-3C66-A9B0-DADF1363E38F} = {FC689D50-322E-3C66-A9B0-DADF1363E38F}
	EndProjectSection
EndProject
Project("{8BC9CEB8-8B4A-11D0-8D11-00A0C91BC942}") = "subwin_static", "subwin_static.vcxproj", "{15F2116F-6AFD-3B75-B4BD-4E6DD5DF6807}"
	ProjectSection(ProjectDependencies) = postProject
		{72EBF015-2DF9-3A8D-9319-F1B86384FE99} = {72EBF015-2DF9-3A8D-9319-F1B86384FE99}
		{CA19FCE3-4983-38A5-B4E4-A8C14FD3A347} = {CA19FCE3-4983-38A5-B4E4-A8C14FD3A347}
	EndProjectSection
EndProject
Project("{8BC9CEB8-8B4A-11D0-8D11-00A0C91BC942}") = "timer", "timer.vcxproj", "{6D113A2B-4A10-334D-806E-1E4D3A76A142}"
	ProjectSection(ProjectDependencies) = postProject
		{72EBF015-2DF9-3A8D-9319-F1B86384FE99} = {72EBF015-2DF9-3A8D-9319-F1B86384FE99}
		{FC689D50-322E-3C66-A9B0-DADF1363E38F} = {FC689D50-322E-3C66-A9B0-DADF1363E38F}
	EndProjectSection
EndProject
Project("{8BC9CEB8-8B4A-11D0-8D11-00A0C91BC942}") = "timer_static", "timer_static.vcxproj", "{514FEC53-0995-33A7-97C5-65BB2C874574}"
	ProjectSection(ProjectDependencies) = postProject
		{72EBF015-2DF9-3A8D-9319-F1B86384FE99} = {72EBF015-2DF9-3A8D-9319-F1B86384FE99}
		{CA19FCE3-4983-38A5-B4E4-A8C14FD3A347} = {CA19FCE3-4983-38A5-B4E4-A8C14FD3A347}
	EndProjectSection
EndProject
Global
	GlobalSection(SolutionConfigurationPlatforms) = preSolution
		Debug|Win32 = Debug|Win32
		Release|Win32 = Release|Win32
		MinSizeRel|Win32 = MinSizeRel|Win32
		RelWithDebInfo|Win32 = RelWithDebInfo|Win32
	EndGlobalSection
	GlobalSection(ProjectConfigurationPlatforms) = postSolution
		{1702B918-EEBF-35AA-9939-942E5DE5A535}.Debug|Win32.ActiveCfg = Debug|Win32
		{1702B918-EEBF-35AA-9939-942E5DE5A535}.Debug|Win32.Build.0 = Debug|Win32
		{1702B918-EEBF-35AA-9939-942E5DE5A535}.Release|Win32.ActiveCfg = Release|Win32
		{1702B918-EEBF-35AA-9939-942E5DE5A535}.Release|Win32.Build.0 = Release|Win32
		{1702B918-EEBF-35AA-9939-942E5DE5A535}.MinSizeRel|Win32.ActiveCfg = MinSizeRel|Win32
		{1702B918-EEBF-35AA-9939-942E5DE5A535}.MinSizeRel|Win32.Build.0 = MinSizeRel|Win32
		{1702B918-EEBF-35AA-9939-942E5DE5A535}.RelWithDebInfo|Win32.ActiveCfg = RelWithDebInfo|Win32
		{1702B918-EEBF-35AA-9939-942E5DE5A535}.RelWithDebInfo|Win32.Build.0 = RelWithDebInfo|Win32
		{54A370B1-ECBF-387D-B913-1BC1063BD4A8}.Debug|Win32.ActiveCfg = Debug|Win32
		{54A370B1-ECBF-387D-B913-1BC1063BD4A8}.Debug|Win32.Build.0 = Debug|Win32
		{54A370B1-ECBF-387D-B913-1BC1063BD4A8}.Release|Win32.ActiveCfg = Release|Win32
		{54A370B1-ECBF-387D-B913-1BC1063BD4A8}.Release|Win32.Build.0 = Release|Win32
		{54A370B1-ECBF-387D-B913-1BC1063BD4A8}.MinSizeRel|Win32.ActiveCfg = MinSizeRel|Win32
		{54A370B1-ECBF-387D-B913-1BC1063BD4A8}.MinSizeRel|Win32.Build.0 = MinSizeRel|Win32
		{54A370B1-ECBF-387D-B913-1BC1063BD4A8}.RelWithDebInfo|Win32.ActiveCfg = RelWithDebInfo|Win32
		{54A370B1-ECBF-387D-B913-1BC1063BD4A8}.RelWithDebInfo|Win32.Build.0 = RelWithDebInfo|Win32
		{7F041CE8-87A4-3585-8C1C-A21BBDA1F46E}.Debug|Win32.ActiveCfg = Debug|Win32
		{7F041CE8-87A4-3585-8C1C-A21BBDA1F46E}.Debug|Win32.Build.0 = Debug|Win32
		{7F041CE8-87A4-3585-8C1C-A21BBDA1F46E}.Release|Win32.ActiveCfg = Release|Win32
		{7F041CE8-87A4-3585-8C1C-A21BBDA1F46E}.Release|Win32.Build.0 = Release|Win32
		{7F041CE8-87A4-3585-8C1C-A21BBDA1F46E}.MinSizeRel|Win32.ActiveCfg = MinSizeRel|Win32
		{7F041CE8-87A4-3585-8C1C-A21BBDA1F46E}.MinSizeRel|Win32.Build.0 = MinSizeRel|Win32
		{7F041CE8-87A4-3585-8C1C-A21BBDA1F46E}.RelWithDebInfo|Win32.ActiveCfg = RelWithDebInfo|Win32
		{7F041CE8-87A4-3585-8C1C-A21BBDA1F46E}.RelWithDebInfo|Win32.Build.0 = RelWithDebInfo|Win32
		{28D3F717-5AB1-37F4-92B2-A38BDB2B4A11}.Debug|Win32.ActiveCfg = Debug|Win32
		{28D3F717-5AB1-37F4-92B2-A38BDB2B4A11}.Debug|Win32.Build.0 = Debug|Win32
		{28D3F717-5AB1-37F4-92B2-A38BDB2B4A11}.Release|Win32.ActiveCfg = Release|Win32
		{28D3F717-5AB1-37F4-92B2-A38BDB2B4A11}.Release|Win32.Build.0 = Release|Win32
		{28D3F717-5AB1-37F4-92B2-A38BDB2B4A11}.MinSizeRel|Win32.ActiveCfg = MinSizeRel|Win32
		{28D3F717-5AB1-37F4-92B2-A38BDB2B4A11}.MinSizeRel|Win32.Build.0 = MinSizeRel|Win32
		{28D3F717-5AB1-37F4-92B2-A38BDB2B4A11}.RelWithDebInfo|Win32.ActiveCfg = RelWithDebInfo|Win32
		{28D3F717-5AB1-37F4-92B2-A38BDB2B4A11}.RelWithDebInfo|Win32.Build.0 = RelWithDebInfo|Win32
		{3C09B593-AD0C-3933-BDB4-1C5B31DB8585}.Debug|Win32.ActiveCfg = Debug|Win32
		{3C09B593-AD0C-3933-BDB4-1C5B31DB8585}.Debug|Win32.Build.0 = Debug|Win32
		{3C09B593-AD0C-3933-BDB4-1C5B31DB8585}.Release|Win32.ActiveCfg = Release|Win32
		{3C09B593-AD0C-3933-BDB4-1C5B31DB8585}.Release|Win32.Build.0 = Release|Win32
		{3C09B593-AD0C-3933-BDB4-1C5B31DB8585}.MinSizeRel|Win32.ActiveCfg = MinSizeRel|Win32
		{3C09B593-AD0C-3933-BDB4-1C5B31DB8585}.MinSizeRel|Win32.Build.0 = MinSizeRel|Win32
		{3C09B593-AD0C-3933-BDB4-1C5B31DB8585}.RelWithDebInfo|Win32.ActiveCfg = RelWithDebInfo|Win32
		{3C09B593-AD0C-3933-BDB4-1C5B31DB8585}.RelWithDebInfo|Win32.Build.0 = RelWithDebInfo|Win32
		{3A3990B6-C2ED-32BE-B264-04D1342FD07C}.Debug|Win32.ActiveCfg = Debug|Win32
		{3A3990B6-C2ED-32BE-B264-04D1342FD07C}.Debug|Win32.Build.0 = Debug|Win32
		{3A3990B6-C2ED-32BE-B264-04D1342FD07C}.Release|Win32.ActiveCfg = Release|Win32
		{3A3990B6-C2ED-32BE-B264-04D1342FD07C}.Release|Win32.Build.0 = Release|Win32
		{3A3990B6-C2ED-32BE-B264-04D1342FD07C}.MinSizeRel|Win32.ActiveCfg = MinSizeRel|Win32
		{3A3990B6-C2ED-32BE-B264-04D1342FD07C}.MinSizeRel|Win32.Build.0 = MinSizeRel|Win32
		{3A3990B6-C2ED-32BE-B264-04D1342FD07C}.RelWithDebInfo|Win32.ActiveCfg = RelWithDebInfo|Win32
		{3A3990B6-C2ED-32BE-B264-04D1342FD07C}.RelWithDebInfo|Win32.Build.0 = RelWithDebInfo|Win32
		{1EF3C109-A561-33EC-8FA0-78C3F7C85A71}.Debug|Win32.ActiveCfg = Debug|Win32
		{1EF3C109-A561-33EC-8FA0-78C3F7C85A71}.Debug|Win32.Build.0 = Debug|Win32
		{1EF3C109-A561-33EC-8FA0-78C3F7C85A71}.Release|Win32.ActiveCfg = Release|Win32
		{1EF3C109-A561-33EC-8FA0-78C3F7C85A71}.Release|Win32.Build.0 = Release|Win32
		{1EF3C109-A561-33EC-8FA0-78C3F7C85A71}.MinSizeRel|Win32.ActiveCfg = MinSizeRel|Win32
		{1EF3C109-A561-33EC-8FA0-78C3F7C85A71}.MinSizeRel|Win32.Build.0 = MinSizeRel|Win32
		{1EF3C109-A561-33EC-8FA0-78C3F7C85A71}.RelWithDebInfo|Win32.ActiveCfg = RelWithDebInfo|Win32
		{1EF3C109-A561-33EC-8FA0-78C3F7C85A71}.RelWithDebInfo|Win32.Build.0 = RelWithDebInfo|Win32
		{148CF9AA-5F78-3084-9E1C-EB9B4D904AA5}.Debug|Win32.ActiveCfg = Debug|Win32
		{148CF9AA-5F78-3084-9E1C-EB9B4D904AA5}.Release|Win32.ActiveCfg = Release|Win32
		{148CF9AA-5F78-3084-9E1C-EB9B4D904AA5}.MinSizeRel|Win32.ActiveCfg = MinSizeRel|Win32
		{148CF9AA-5F78-3084-9E1C-EB9B4D904AA5}.RelWithDebInfo|Win32.ActiveCfg = RelWithDebInfo|Win32
		{6AF4F491-E197-33D2-8631-2281DBB77EA4}.Debug|Win32.ActiveCfg = Debug|Win32
		{6AF4F491-E197-33D2-8631-2281DBB77EA4}.Debug|Win32.Build.0 = Debug|Win32
		{6AF4F491-E197-33D2-8631-2281DBB77EA4}.Release|Win32.ActiveCfg = Release|Win32
		{6AF4F491-E197-33D2-8631-2281DBB77EA4}.Release|Win32.Build.0 = Release|Win32
		{6AF4F491-E197-33D2-8631-2281DBB77EA4}.MinSizeRel|Win32.ActiveCfg = MinSizeRel|Win32
		{6AF4F491-E197-33D2-8631-2281DBB77EA4}.MinSizeRel|Win32.Build.0 = MinSizeRel|Win32
		{6AF4F491-E197-33D2-8631-2281DBB77EA4}.RelWithDebInfo|Win32.ActiveCfg = RelWithDebInfo|Win32
		{6AF4F491-E197-33D2-8631-2281DBB77EA4}.RelWithDebInfo|Win32.Build.0 = RelWithDebInfo|Win32
		{6C4398DE-A48E-38A8-821A-7CA711F246A6}.Debug|Win32.ActiveCfg = Debug|Win32
		{6C4398DE-A48E-38A8-821A-7CA711F246A6}.Debug|Win32.Build.0 = Debug|Win32
		{6C4398DE-A48E-38A8-821A-7CA711F246A6}.Release|Win32.ActiveCfg = Release|Win32
		{6C4398DE-A48E-38A8-821A-7CA711F246A6}.Release|Win32.Build.0 = Release|Win32
		{6C4398DE-A48E-38A8-821A-7CA711F246A6}.MinSizeRel|Win32.ActiveCfg = MinSizeRel|Win32
		{6C4398DE-A48E-38A8-821A-7CA711F246A6}.MinSizeRel|Win32.Build.0 = MinSizeRel|Win32
		{6C4398DE-A48E-38A8-821A-7CA711F246A6}.RelWithDebInfo|Win32.ActiveCfg = RelWithDebInfo|Win32
		{6C4398DE-A48E-38A8-821A-7CA711F246A6}.RelWithDebInfo|Win32.Build.0 = RelWithDebInfo|Win32
		{8F3840F8-0D3B-3BD8-986B-8B628F1BF1C0}.Debug|Win32.ActiveCfg = Debug|Win32
		{8F3840F8-0D3B-3BD8-986B-8B628F1BF1C0}.Debug|Win32.Build.0 = Debug|Win32
		{8F3840F8-0D3B-3BD8-986B-8B628F1BF1C0}.Release|Win32.ActiveCfg = Release|Win32
		{8F3840F8-0D3B-3BD8-986B-8B628F1BF1C0}.Release|Win32.Build.0 = Release|Win32
		{8F3840F8-0D3B-3BD8-986B-8B628F1BF1C0}.MinSizeRel|Win32.ActiveCfg = MinSizeRel|Win32
		{8F3840F8-0D3B-3BD8-986B-8B628F1BF1C0}.MinSizeRel|Win32.Build.0 = MinSizeRel|Win32
		{8F3840F8-0D3B-3BD8-986B-8B628F1BF1C0}.RelWithDebInfo|Win32.ActiveCfg = RelWithDebInfo|Win32
		{8F3840F8-0D3B-3BD8-986B-8B628F1BF1C0}.RelWithDebInfo|Win32.Build.0 = RelWithDebInfo|Win32
		{095CACAE-DAA2-3C07-B21A-F3C04690B7CB}.Debug|Win32.ActiveCfg = Debug|Win32
		{095CACAE-DAA2-3C07-B21A-F3C04690B7CB}.Debug|Win32.Build.0 = Debug|Win32
		{095CACAE-DAA2-3C07-B21A-F3C04690B7CB}.Release|Win32.ActiveCfg = Release|Win32
		{095CACAE-DAA2-3C07-B21A-F3C04690B7CB}.Release|Win32.Build.0 = Release|Win32
		{095CACAE-DAA2-3C07-B21A-F3C04690B7CB}.MinSizeRel|Win32.ActiveCfg = MinSizeRel|Win32
		{095CACAE-DAA2-3C07-B21A-F3C04690B7CB}.MinSizeRel|Win32.Build.0 = MinSizeRel|Win32
		{095CACAE-DAA2-3C07-B21A-F3C04690B7CB}.RelWithDebInfo|Win32.ActiveCfg = RelWithDebInfo|Win32
		{095CACAE-DAA2-3C07-B21A-F3C04690B7CB}.RelWithDebInfo|Win32.Build.0 = RelWithDebInfo|Win32
		{5BCC22C1-B852-337C-8015-B5C9C494FEAA}.Debug|Win32.ActiveCfg = Debug|Win32
		{5BCC22C1-B852-337C-8015-B5C9C494FEAA}.Debug|Win32.Build.0 = Debug|Win32
		{5BCC22C1-B852-337C-8015-B5C9C494FEAA}.Release|Win32.ActiveCfg = Release|Win32
		{5BCC22C1-B852-337C-8015-B5C9C494FEAA}.Release|Win32.Build.0 = Release|Win32
		{5BCC22C1-B852-337C-8015-B5C9C494FEAA}.MinSizeRel|Win32.ActiveCfg = MinSizeRel|Win32
		{5BCC22C1-B852-337C-8015-B5C9C494FEAA}.MinSizeRel|Win32.Build.0 = MinSizeRel|Win32
		{5BCC22C1-B852-337C-8015-B5C9C494FEAA}.RelWithDebInfo|Win32.ActiveCfg = RelWithDebInfo|Win32
		{5BCC22C1-B852-337C-8015-B5C9C494FEAA}.RelWithDebInfo|Win32.Build.0 = RelWithDebInfo|Win32
		{41EB21AF-DF02-301B-9CC5-FB6039D5BFCE}.Debug|Win32.ActiveCfg = Debug|Win32
		{41EB21AF-DF02-301B-9CC5-FB6039D5BFCE}.Debug|Win32.Build.0 = Debug|Win32
		{41EB21AF-DF02-301B-9CC5-FB6039D5BFCE}.Release|Win32.ActiveCfg = Release|Win32
		{41EB21AF-DF02-301B-9CC5-FB6039D5BFCE}.Release|Win32.Build.0 = Release|Win32
		{41EB21AF-DF02-301B-9CC5-FB6039D5BFCE}.MinSizeRel|Win32.ActiveCfg = MinSizeRel|Win32
		{41EB21AF-DF02-301B-9CC5-FB6039D5BFCE}.MinSizeRel|Win32.Build.0 = MinSizeRel|Win32
		{41EB21AF-DF02-301B-9CC5-FB6039D5BFCE}.RelWithDebInfo|Win32.ActiveCfg = RelWithDebInfo|Win32
		{41EB21AF-DF02-301B-9CC5-FB6039D5BFCE}.RelWithDebInfo|Win32.Build.0 = RelWithDebInfo|Win32
		{72EBF015-2DF9-3A8D-9319-F1B86384FE99}.Debug|Win32.ActiveCfg = Debug|Win32
		{72EBF015-2DF9-3A8D-9319-F1B86384FE99}.Debug|Win32.Build.0 = Debug|Win32
		{72EBF015-2DF9-3A8D-9319-F1B86384FE99}.Release|Win32.ActiveCfg = Release|Win32
		{72EBF015-2DF9-3A8D-9319-F1B86384FE99}.Release|Win32.Build.0 = Release|Win32
		{72EBF015-2DF9-3A8D-9319-F1B86384FE99}.MinSizeRel|Win32.ActiveCfg = MinSizeRel|Win32
		{72EBF015-2DF9-3A8D-9319-F1B86384FE99}.MinSizeRel|Win32.Build.0 = MinSizeRel|Win32
		{72EBF015-2DF9-3A8D-9319-F1B86384FE99}.RelWithDebInfo|Win32.ActiveCfg = RelWithDebInfo|Win32
		{72EBF015-2DF9-3A8D-9319-F1B86384FE99}.RelWithDebInfo|Win32.Build.0 = RelWithDebInfo|Win32
		{FC689D50-322E-3C66-A9B0-DADF1363E38F}.Debug|Win32.ActiveCfg = Debug|Win32
		{FC689D50-322E-3C66-A9B0-DADF1363E38F}.Debug|Win32.Build.0 = Debug|Win32
		{FC689D50-322E-3C66-A9B0-DADF1363E38F}.Release|Win32.ActiveCfg = Release|Win32
		{FC689D50-322E-3C66-A9B0-DADF1363E38F}.Release|Win32.Build.0 = Release|Win32
		{FC689D50-322E-3C66-A9B0-DADF1363E38F}.MinSizeRel|Win32.ActiveCfg = MinSizeRel|Win32
		{FC689D50-322E-3C66-A9B0-DADF1363E38F}.MinSizeRel|Win32.Build.0 = MinSizeRel|Win32
		{FC689D50-322E-3C66-A9B0-DADF1363E38F}.RelWithDebInfo|Win32.ActiveCfg = RelWithDebInfo|Win32
		{FC689D50-322E-3C66-A9B0-DADF1363E38F}.RelWithDebInfo|Win32.Build.0 = RelWithDebInfo|Win32
		{CA19FCE3-4983-38A5-B4E4-A8C14FD3A347}.Debug|Win32.ActiveCfg = Debug|Win32
		{CA19FCE3-4983-38A5-B4E4-A8C14FD3A347}.Debug|Win32.Build.0 = Debug|Win32
		{CA19FCE3-4983-38A5-B4E4-A8C14FD3A347}.Release|Win32.ActiveCfg = Release|Win32
		{CA19FCE3-4983-38A5-B4E4-A8C14FD3A347}.Release|Win32.Build.0 = Release|Win32
		{CA19FCE3-4983-38A5-B4E4-A8C14FD3A347}.MinSizeRel|Win32.ActiveCfg = MinSizeRel|Win32
		{CA19FCE3-4983-38A5-B4E4-A8C14FD3A347}.MinSizeRel|Win32.Build.0 = MinSizeRel|Win32
		{CA19FCE3-4983-38A5-B4E4-A8C14FD3A347}.RelWithDebInfo|Win32.ActiveCfg = RelWithDebInfo|Win32
		{CA19FCE3-4983-38A5-B4E4-A8C14FD3A347}.RelWithDebInfo|Win32.Build.0 = RelWithDebInfo|Win32
		{82846646-F094-3824-B4D3-46FA3B39507E}.Debug|Win32.ActiveCfg = Debug|Win32
		{82846646-F094-3824-B4D3-46FA3B39507E}.Debug|Win32.Build.0 = Debug|Win32
		{82846646-F094-3824-B4D3-46FA3B39507E}.Release|Win32.ActiveCfg = Release|Win32
		{82846646-F094-3824-B4D3-46FA3B39507E}.Release|Win32.Build.0 = Release|Win32
		{82846646-F094-3824-B4D3-46FA3B39507E}.MinSizeRel|Win32.ActiveCfg = MinSizeRel|Win32
		{82846646-F094-3824-B4D3-46FA3B39507E}.MinSizeRel|Win32.Build.0 = MinSizeRel|Win32
		{82846646-F094-3824-B4D3-46FA3B39507E}.RelWithDebInfo|Win32.ActiveCfg = RelWithDebInfo|Win32
		{82846646-F094-3824-B4D3-46FA3B39507E}.RelWithDebInfo|Win32.Build.0 = RelWithDebInfo|Win32
		{9B3A9B25-8F26-3694-AFB8-37AA3E5B94F1}.Debug|Win32.ActiveCfg = Debug|Win32
		{9B3A9B25-8F26-3694-AFB8-37AA3E5B94F1}.Debug|Win32.Build.0 = Debug|Win32
		{9B3A9B25-8F26-3694-AFB8-37AA3E5B94F1}.Release|Win32.ActiveCfg = Release|Win32
		{9B3A9B25-8F26-3694-AFB8-37AA3E5B94F1}.Release|Win32.Build.0 = Release|Win32
		{9B3A9B25-8F26-3694-AFB8-37AA3E5B94F1}.MinSizeRel|Win32.ActiveCfg = MinSizeRel|Win32
		{9B3A9B25-8F26-3694-AFB8-37AA3E5B94F1}.MinSizeRel|Win32.Build.0 = MinSizeRel|Win32
		{9B3A9B25-8F26-3694-AFB8-37AA3E5B94F1}.RelWithDebInfo|Win32.ActiveCfg = RelWithDebInfo|Win32
		{9B3A9B25-8F26-3694-AFB8-37AA3E5B94F1}.RelWithDebInfo|Win32.Build.0 = RelWithDebInfo|Win32
		{A2C3C0D0-3246-3EDA-88DF-5A5391A0BF4A}.Debug|Win32.ActiveCfg = Debug|Win32
		{A2C3C0D0-3246-3EDA-88DF-5A5391A0BF4A}.Debug|Win32.Build.0 = Debug|Win32
		{A2C3C0D0-3246-3EDA-88DF-5A5391A0BF4A}.Release|Win32.ActiveCfg = Release|Win32
		{A2C3C0D0-3246-3EDA-88DF-5A5391A0BF4A}.Release|Win32.Build.0 = Release|Win32
		{A2C3C0D0-3246-3EDA-88DF-5A5391A0BF4A}.MinSizeRel|Win32.ActiveCfg = MinSizeRel|Win32
		{A2C3C0D0-3246-3EDA-88DF-5A5391A0BF4A}.MinSizeRel|Win32.Build.0 = MinSizeRel|Win32
		{A2C3C0D0-3246-3EDA-88DF-5A5391A0BF4A}.RelWithDebInfo|Win32.ActiveCfg = RelWithDebInfo|Win32
		{A2C3C0D0-3246-3EDA-88DF-5A5391A0BF4A}.RelWithDebInfo|Win32.Build.0 = RelWithDebInfo|Win32
		{1F3ED355-5298-3BED-BE96-C02A158FD0A9}.Debug|Win32.ActiveCfg = Debug|Win32
		{1F3ED355-5298-3BED-BE96-C02A158FD0A9}.Debug|Win32.Build.0 = Debug|Win32
		{1F3ED355-5298-3BED-BE96-C02A158FD0A9}.Release|Win32.ActiveCfg = Release|Win32
		{1F3ED355-5298-3BED-BE96-C02A158FD0A9}.Release|Win32.Build.0 = Release|Win32
		{1F3ED355-5298-3BED-BE96-C02A158FD0A9}.MinSizeRel|Win32.ActiveCfg = MinSizeRel|Win32
		{1F3ED355-5298-3BED-BE96-C02A158FD0A9}.MinSizeRel|Win32.Build.0 = MinSizeRel|Win32
		{1F3ED355-5298-3BED-BE96-C02A158FD0A9}.RelWithDebInfo|Win32.ActiveCfg = RelWithDebInfo|Win32
		{1F3ED355-5298-3BED-BE96-C02A158FD0A9}.RelWithDebInfo|Win32.Build.0 = RelWithDebInfo|Win32
		{4C1F6B87-F202-30EE-BECF-C7F9C03D5A56}.Debug|Win32.ActiveCfg = Debug|Win32
		{4C1F6B87-F202-30EE-BECF-C7F9C03D5A56}.Debug|Win32.Build.0 = Debug|Win32
		{4C1F6B87-F202-30EE-BECF-C7F9C03D5A56}.Release|Win32.ActiveCfg = Release|Win32
		{4C1F6B87-F202-30EE-BECF-C7F9C03D5A56}.Release|Win32.Build.0 = Release|Win32
		{4C1F6B87-F202-30EE-BECF-C7F9C03D5A56}.MinSizeRel|Win32.ActiveCfg = MinSizeRel|Win32
		{4C1F6B87-F202-30EE-BECF-C7F9C03D5A56}.MinSizeRel|Win32.Build.0 = MinSizeRel|Win32
		{4C1F6B87-F202-30EE-BECF-C7F9C03D5A56}.RelWithDebInfo|Win32.ActiveCfg = RelWithDebInfo|Win32
		{4C1F6B87-F202-30EE-BECF-C7F9C03D5A56}.RelWithDebInfo|Win32.Build.0 = RelWithDebInfo|Win32
		{2A9FBF89-EC50-380D-880A-3CE6851703F1}.Debug|Win32.ActiveCfg = Debug|Win32
		{2A9FBF89-EC50-380D-880A-3CE6851703F1}.Debug|Win32.Build.0 = Debug|Win32
		{2A9FBF89-EC50-380D-880A-3CE6851703F1}.Release|Win32.ActiveCfg = Release|Win32
		{2A9FBF89-EC50-380D-880A-3CE6851703F1}.Release|Win32.Build.0 = Release|Win32
		{2A9FBF89-EC50-380D-880A-3CE6851703F1}.MinSizeRel|Win32.ActiveCfg = MinSizeRel|Win32
		{2A9FBF89-EC50-380D-880A-3CE6851703F1}.MinSizeRel|Win32.Build.0 = MinSizeRel|Win32
		{2A9FBF89-EC50-380D-880A-3CE6851703F1}.RelWithDebInfo|Win32.ActiveCfg = RelWithDebInfo|Win32
		{2A9FBF89-EC50-380D-880A-3CE6851703F1}.RelWithDebInfo|Win32.Build.0 = RelWithDebInfo|Win32
		{60BE0699-AEBF-340E-B5C4-2E6CE3C99663}.Debug|Win32.ActiveCfg = Debug|Win32
		{60BE0699-AEBF-340E-B5C4-2E6CE3C99663}.Debug|Win32.Build.0 = Debug|Win32
		{60BE0699-AEBF-340E-B5C4-2E6CE3C99663}.Release|Win32.ActiveCfg = Release|Win32
		{60BE0699-AEBF-340E-B5C4-2E6CE3C99663}.Release|Win32.Build.0 = Release|Win32
		{60BE0699-AEBF-340E-B5C4-2E6CE3C99663}.MinSizeRel|Win32.ActiveCfg = MinSizeRel|Win32
		{60BE0699-AEBF-340E-B5C4-2E6CE3C99663}.MinSizeRel|Win32.Build.0 = MinSizeRel|Win32
		{60BE0699-AEBF-340E-B5C4-2E6CE3C99663}.RelWithDebInfo|Win32.ActiveCfg = RelWithDebInfo|Win32
		{60BE0699-AEBF-340E-B5C4-2E6CE3C99663}.RelWithDebInfo|Win32.Build.0 = RelWithDebInfo|Win32
		{15F2116F-6AFD-3B75-B4BD-4E6DD5DF6807}.Debug|Win32.ActiveCfg = Debug|Win32
		{15F2116F-6AFD-3B75-B4BD-4E6DD5DF6807}.Debug|Win32.Build.0 = Debug|Win32
		{15F2116F-6AFD-3B75-B4BD-4E6DD5DF6807}.Release|Win32.ActiveCfg = Release|Win32
		{15F2116F-6AFD-3B75-B4BD-4E6DD5DF6807}.Release|Win32.Build.0 = Release|Win32
		{15F2116F-6AFD-3B75-B4BD-4E6DD5DF6807}.MinSizeRel|Win32.ActiveCfg = MinSizeRel|Win32
		{15F2116F-6AFD-3B75-B4BD-4E6DD5DF6807}.MinSizeRel|Win32.Build.0 = MinSizeRel|Win32
		{15F2116F-6AFD-3B75-B4BD-4E6DD5DF6807}.RelWithDebInfo|Win32.ActiveCfg = RelWithDebInfo|Win32
		{15F2116F-6AFD-3B75-B4BD-4E6DD5DF6807}.RelWithDebInfo|Win32.Build.0 = RelWithDebInfo|Win32
		{6D113A2B-4A10-334D-806E-1E4D3A76A142}.Debug|Win32.ActiveCfg = Debug|Win32
		{6D113A2B-4A10-334D-806E-1E4D3A76A142}.Debug|Win32.Build.0 = Debug|Win32
		{6D113A2B-4A10-334D-806E-1E4D3A76A142}.Release|Win32.ActiveCfg = Release|Win32
		{6D113A2B-4A10-334D-806E-1E4D3A76A142}.Release|Win32.Build.0 = Release|Win32
		{6D113A2B-4A10-334D-806E-1E4D3A76A142}.MinSizeRel|Win32.ActiveCfg = MinSizeRel|Win32
		{6D113A2B-4A10-334D-806E-1E4D3A76A142}.MinSizeRel|Win32.Build.0 = MinSizeRel|Win32
		{6D113A2B-4A10-334D-806E-1E4D3A76A142}.RelWithDebInfo|Win32.ActiveCfg = RelWithDebInfo|Win32
		{6D113A2B-4A10-334D-806E-1E4D3A76A142}.RelWithDebInfo|Win32.Build.0 = RelWithDebInfo|Win32
		{514FEC53-0995-33A7-97C5-65BB2C874574}.Debug|Win32.ActiveCfg = Debug|Win32
		{514FEC53-0995-33A7-97C5-65BB2C874574}.Debug|Win32.Build.0 = Debug|Win32
		{514FEC53-0995-33A7-97C5-65BB2C874574}.Release|Win32.ActiveCfg = Release|Win32
		{514FEC53-0995-33A7-97C5-65BB2C874574}.Release|Win32.Build.0 = Release|Win32
		{514FEC53-0995-33A7-97C5-65BB2C874574}.MinSizeRel|Win32.ActiveCfg = MinSizeRel|Win32
		{514FEC53-0995-33A7-97C5-65BB2C874574}.MinSizeRel|Win32.Build.0 = MinSizeRel|Win32
		{514FEC53-0995-33A7-97C5-65BB2C874574}.RelWithDebInfo|Win32.ActiveCfg = RelWithDebInfo|Win32
		{514FEC53-0995-33A7-97C5-65BB2C874574}.RelWithDebInfo|Win32.Build.0 = RelWithDebInfo|Win32
	EndGlobalSection
	GlobalSection(ExtensibilityGlobals) = postSolution
	EndGlobalSection
	GlobalSection(ExtensibilityAddIns) = postSolution
	EndGlobalSection
EndGlobal
