
Microsoft Visual Studio Solution File, Format Version 12.00
# Visual Studio 15
VisualStudioVersion = 15.0.27428.2015
MinimumVisualStudioVersion = 10.0.40219.1
Project("{FAE04EC0-301F-11D3-BF4B-00C04F79EFBC}") = "MandelbrotWPF", "MandelbrotWPF\MandelbrotWPF.csproj", "{FCECEBD1-F947-4404-A9D9-D02354DA96F2}"
EndProject
Project("{9A19103F-16F7-4668-BE54-9A1E7A4F7556}") = "MandelbrotRenderer", "MandelbrotRenderer\MandelbrotRenderer.csproj", "{01760085-EAC6-483C-AD88-D9A7851840AD}"
EndProject
Project("{FAE04EC0-301F-11D3-BF4B-00C04F79EFBC}") = "MandelbrotMobile.Android", "MandelbrotMobile\MandelbrotMobile.Android\MandelbrotMobile.Android.csproj", "{E796E3F2-1CD6-49F3-AAB6-BFDBA2AAB05D}"
EndProject
Project("{FAE04EC0-301F-11D3-BF4B-00C04F79EFBC}") = "MandelbrotMobile.iOS", "MandelbrotMobile\MandelbrotMobile.iOS\MandelbrotMobile.iOS.csproj", "{B0A96F17-C71A-4735-973B-1C90A07F2EBD}"
EndProject
Project("{FAE04EC0-301F-11D3-BF4B-00C04F79EFBC}") = "MandelbrotMobile", "MandelbrotMobile\MandelbrotMobile\MandelbrotMobile.csproj", "{E74DDAE0-5AEB-4B75-AC47-E5EED54988C8}"
EndProject
Global
	GlobalSection(SolutionConfigurationPlatforms) = preSolution
		Ad-Hoc|Any CPU = Ad-Hoc|Any CPU
		Ad-Hoc|iPhone = Ad-Hoc|iPhone
		Ad-Hoc|iPhoneSimulator = Ad-Hoc|iPhoneSimulator
		Ad-Hoc|x64 = Ad-Hoc|x64
		AppStore|Any CPU = AppStore|Any CPU
		AppStore|iPhone = AppStore|iPhone
		AppStore|iPhoneSimulator = AppStore|iPhoneSimulator
		AppStore|x64 = AppStore|x64
		Debug|Any CPU = Debug|Any CPU
		Debug|iPhone = Debug|iPhone
		Debug|iPhoneSimulator = Debug|iPhoneSimulator
		Debug|x64 = Debug|x64
		Release|Any CPU = Release|Any CPU
		Release|iPhone = Release|iPhone
		Release|iPhoneSimulator = Release|iPhoneSimulator
		Release|x64 = Release|x64
	EndGlobalSection
	GlobalSection(ProjectConfigurationPlatforms) = postSolution
		{FCECEBD1-F947-4404-A9D9-D02354DA96F2}.Ad-Hoc|Any CPU.ActiveCfg = Release|Any CPU
		{FCECEBD1-F947-4404-A9D9-D02354DA96F2}.Ad-Hoc|Any CPU.Build.0 = Release|Any CPU
		{FCECEBD1-F947-4404-A9D9-D02354DA96F2}.Ad-Hoc|iPhone.ActiveCfg = Release|Any CPU
		{FCECEBD1-F947-4404-A9D9-D02354DA96F2}.Ad-Hoc|iPhone.Build.0 = Release|Any CPU
		{FCECEBD1-F947-4404-A9D9-D02354DA96F2}.Ad-Hoc|iPhoneSimulator.ActiveCfg = Release|Any CPU
		{FCECEBD1-F947-4404-A9D9-D02354DA96F2}.Ad-Hoc|iPhoneSimulator.Build.0 = Release|Any CPU
		{FCECEBD1-F947-4404-A9D9-D02354DA96F2}.Ad-Hoc|x64.ActiveCfg = Release|x64
		{FCECEBD1-F947-4404-A9D9-D02354DA96F2}.Ad-Hoc|x64.Build.0 = Release|x64
		{FCECEBD1-F947-4404-A9D9-D02354DA96F2}.AppStore|Any CPU.ActiveCfg = Release|Any CPU
		{FCECEBD1-F947-4404-A9D9-D02354DA96F2}.AppStore|Any CPU.Build.0 = Release|Any CPU
		{FCECEBD1-F947-4404-A9D9-D02354DA96F2}.AppStore|iPhone.ActiveCfg = Release|Any CPU
		{FCECEBD1-F947-4404-A9D9-D02354DA96F2}.AppStore|iPhone.Build.0 = Release|Any CPU
		{FCECEBD1-F947-4404-A9D9-D02354DA96F2}.AppStore|iPhoneSimulator.ActiveCfg = Release|Any CPU
		{FCECEBD1-F947-4404-A9D9-D02354DA96F2}.AppStore|iPhoneSimulator.Build.0 = Release|Any CPU
		{FCECEBD1-F947-4404-A9D9-D02354DA96F2}.AppStore|x64.ActiveCfg = Release|x64
		{FCECEBD1-F947-4404-A9D9-D02354DA96F2}.AppStore|x64.Build.0 = Release|x64
		{FCECEBD1-F947-4404-A9D9-D02354DA96F2}.Debug|Any CPU.ActiveCfg = Debug|Any CPU
		{FCECEBD1-F947-4404-A9D9-D02354DA96F2}.Debug|Any CPU.Build.0 = Debug|Any CPU
		{FCECEBD1-F947-4404-A9D9-D02354DA96F2}.Debug|iPhone.ActiveCfg = Debug|Any CPU
		{FCECEBD1-F947-4404-A9D9-D02354DA96F2}.Debug|iPhone.Build.0 = Debug|Any CPU
		{FCECEBD1-F947-4404-A9D9-D02354DA96F2}.Debug|iPhoneSimulator.ActiveCfg = Debug|Any CPU
		{FCECEBD1-F947-4404-A9D9-D02354DA96F2}.Debug|iPhoneSimulator.Build.0 = Debug|Any CPU
		{FCECEBD1-F947-4404-A9D9-D02354DA96F2}.Debug|x64.ActiveCfg = Debug|x64
		{FCECEBD1-F947-4404-A9D9-D02354DA96F2}.Debug|x64.Build.0 = Debug|x64
		{FCECEBD1-F947-4404-A9D9-D02354DA96F2}.Release|Any CPU.ActiveCfg = Release|Any CPU
		{FCECEBD1-F947-4404-A9D9-D02354DA96F2}.Release|Any CPU.Build.0 = Release|Any CPU
		{FCECEBD1-F947-4404-A9D9-D02354DA96F2}.Release|iPhone.ActiveCfg = Release|Any CPU
		{FCECEBD1-F947-4404-A9D9-D02354DA96F2}.Release|iPhone.Build.0 = Release|Any CPU
		{FCECEBD1-F947-4404-A9D9-D02354DA96F2}.Release|iPhoneSimulator.ActiveCfg = Release|Any CPU
		{FCECEBD1-F947-4404-A9D9-D02354DA96F2}.Release|iPhoneSimulator.Build.0 = Release|Any CPU
		{FCECEBD1-F947-4404-A9D9-D02354DA96F2}.Release|x64.ActiveCfg = Release|x64
		{FCECEBD1-F947-4404-A9D9-D02354DA96F2}.Release|x64.Build.0 = Release|x64
		{01760085-EAC6-483C-AD88-D9A7851840AD}.Ad-Hoc|Any CPU.ActiveCfg = Release|Any CPU
		{01760085-EAC6-483C-AD88-D9A7851840AD}.Ad-Hoc|Any CPU.Build.0 = Release|Any CPU
		{01760085-EAC6-483C-AD88-D9A7851840AD}.Ad-Hoc|iPhone.ActiveCfg = Release|Any CPU
		{01760085-EAC6-483C-AD88-D9A7851840AD}.Ad-Hoc|iPhone.Build.0 = Release|Any CPU
		{01760085-EAC6-483C-AD88-D9A7851840AD}.Ad-Hoc|iPhoneSimulator.ActiveCfg = Release|Any CPU
		{01760085-EAC6-483C-AD88-D9A7851840AD}.Ad-Hoc|iPhoneSimulator.Build.0 = Release|Any CPU
		{01760085-EAC6-483C-AD88-D9A7851840AD}.Ad-Hoc|x64.ActiveCfg = Release|Any CPU
		{01760085-EAC6-483C-AD88-D9A7851840AD}.Ad-Hoc|x64.Build.0 = Release|Any CPU
		{01760085-EAC6-483C-AD88-D9A7851840AD}.AppStore|Any CPU.ActiveCfg = Release|Any CPU
		{01760085-EAC6-483C-AD88-D9A7851840AD}.AppStore|Any CPU.Build.0 = Release|Any CPU
		{01760085-EAC6-483C-AD88-D9A7851840AD}.AppStore|iPhone.ActiveCfg = Release|Any CPU
		{01760085-EAC6-483C-AD88-D9A7851840AD}.AppStore|iPhone.Build.0 = Release|Any CPU
		{01760085-EAC6-483C-AD88-D9A7851840AD}.AppStore|iPhoneSimulator.ActiveCfg = Release|Any CPU
		{01760085-EAC6-483C-AD88-D9A7851840AD}.AppStore|iPhoneSimulator.Build.0 = Release|Any CPU
		{01760085-EAC6-483C-AD88-D9A7851840AD}.AppStore|x64.ActiveCfg = Release|Any CPU
		{01760085-EAC6-483C-AD88-D9A7851840AD}.AppStore|x64.Build.0 = Release|Any CPU
		{01760085-EAC6-483C-AD88-D9A7851840AD}.Debug|Any CPU.ActiveCfg = Debug|Any CPU
		{01760085-EAC6-483C-AD88-D9A7851840AD}.Debug|Any CPU.Build.0 = Debug|Any CPU
		{01760085-EAC6-483C-AD88-D9A7851840AD}.Debug|iPhone.ActiveCfg = Debug|Any CPU
		{01760085-EAC6-483C-AD88-D9A7851840AD}.Debug|iPhone.Build.0 = Debug|Any CPU
		{01760085-EAC6-483C-AD88-D9A7851840AD}.Debug|iPhoneSimulator.ActiveCfg = Debug|Any CPU
		{01760085-EAC6-483C-AD88-D9A7851840AD}.Debug|iPhoneSimulator.Build.0 = Debug|Any CPU
		{01760085-EAC6-483C-AD88-D9A7851840AD}.Debug|x64.ActiveCfg = Debug|Any CPU
		{01760085-EAC6-483C-AD88-D9A7851840AD}.Debug|x64.Build.0 = Debug|Any CPU
		{01760085-EAC6-483C-AD88-D9A7851840AD}.Release|Any CPU.ActiveCfg = Release|Any CPU
		{01760085-EAC6-483C-AD88-D9A7851840AD}.Release|Any CPU.Build.0 = Release|Any CPU
		{01760085-EAC6-483C-AD88-D9A7851840AD}.Release|iPhone.ActiveCfg = Release|Any CPU
		{01760085-EAC6-483C-AD88-D9A7851840AD}.Release|iPhone.Build.0 = Release|Any CPU
		{01760085-EAC6-483C-AD88-D9A7851840AD}.Release|iPhoneSimulator.ActiveCfg = Release|Any CPU
		{01760085-EAC6-483C-AD88-D9A7851840AD}.Release|iPhoneSimulator.Build.0 = Release|Any CPU
		{01760085-EAC6-483C-AD88-D9A7851840AD}.Release|x64.ActiveCfg = Release|Any CPU
		{01760085-EAC6-483C-AD88-D9A7851840AD}.Release|x64.Build.0 = Release|Any CPU
		{E796E3F2-1CD6-49F3-AAB6-BFDBA2AAB05D}.Ad-Hoc|Any CPU.ActiveCfg = Release|Any CPU
		{E796E3F2-1CD6-49F3-AAB6-BFDBA2AAB05D}.Ad-Hoc|Any CPU.Build.0 = Release|Any CPU
		{E796E3F2-1CD6-49F3-AAB6-BFDBA2AAB05D}.Ad-Hoc|Any CPU.Deploy.0 = Release|Any CPU
		{E796E3F2-1CD6-49F3-AAB6-BFDBA2AAB05D}.Ad-Hoc|iPhone.ActiveCfg = Release|Any CPU
		{E796E3F2-1CD6-49F3-AAB6-BFDBA2AAB05D}.Ad-Hoc|iPhone.Build.0 = Release|Any CPU
		{E796E3F2-1CD6-49F3-AAB6-BFDBA2AAB05D}.Ad-Hoc|iPhone.Deploy.0 = Release|Any CPU
		{E796E3F2-1CD6-49F3-AAB6-BFDBA2AAB05D}.Ad-Hoc|iPhoneSimulator.ActiveCfg = Release|Any CPU
		{E796E3F2-1CD6-49F3-AAB6-BFDBA2AAB05D}.Ad-Hoc|iPhoneSimulator.Build.0 = Release|Any CPU
		{E796E3F2-1CD6-49F3-AAB6-BFDBA2AAB05D}.Ad-Hoc|iPhoneSimulator.Deploy.0 = Release|Any CPU
		{E796E3F2-1CD6-49F3-AAB6-BFDBA2AAB05D}.Ad-Hoc|x64.ActiveCfg = Release|Any CPU
		{E796E3F2-1CD6-49F3-AAB6-BFDBA2AAB05D}.Ad-Hoc|x64.Build.0 = Release|Any CPU
		{E796E3F2-1CD6-49F3-AAB6-BFDBA2AAB05D}.Ad-Hoc|x64.Deploy.0 = Release|Any CPU
		{E796E3F2-1CD6-49F3-AAB6-BFDBA2AAB05D}.AppStore|Any CPU.ActiveCfg = Release|Any CPU
		{E796E3F2-1CD6-49F3-AAB6-BFDBA2AAB05D}.AppStore|Any CPU.Build.0 = Release|Any CPU
		{E796E3F2-1CD6-49F3-AAB6-BFDBA2AAB05D}.AppStore|Any CPU.Deploy.0 = Release|Any CPU
		{E796E3F2-1CD6-49F3-AAB6-BFDBA2AAB05D}.AppStore|iPhone.ActiveCfg = Release|Any CPU
		{E796E3F2-1CD6-49F3-AAB6-BFDBA2AAB05D}.AppStore|iPhone.Build.0 = Release|Any CPU
		{E796E3F2-1CD6-49F3-AAB6-BFDBA2AAB05D}.AppStore|iPhone.Deploy.0 = Release|Any CPU
		{E796E3F2-1CD6-49F3-AAB6-BFDBA2AAB05D}.AppStore|iPhoneSimulator.ActiveCfg = Release|Any CPU
		{E796E3F2-1CD6-49F3-AAB6-BFDBA2AAB05D}.AppStore|iPhoneSimulator.Build.0 = Release|Any CPU
		{E796E3F2-1CD6-49F3-AAB6-BFDBA2AAB05D}.AppStore|iPhoneSimulator.Deploy.0 = Release|Any CPU
		{E796E3F2-1CD6-49F3-AAB6-BFDBA2AAB05D}.AppStore|x64.ActiveCfg = Release|Any CPU
		{E796E3F2-1CD6-49F3-AAB6-BFDBA2AAB05D}.AppStore|x64.Build.0 = Release|Any CPU
		{E796E3F2-1CD6-49F3-AAB6-BFDBA2AAB05D}.AppStore|x64.Deploy.0 = Release|Any CPU
		{E796E3F2-1CD6-49F3-AAB6-BFDBA2AAB05D}.Debug|Any CPU.ActiveCfg = Debug|Any CPU
		{E796E3F2-1CD6-49F3-AAB6-BFDBA2AAB05D}.Debug|Any CPU.Build.0 = Debug|Any CPU
		{E796E3F2-1CD6-49F3-AAB6-BFDBA2AAB05D}.Debug|Any CPU.Deploy.0 = Debug|Any CPU
		{E796E3F2-1CD6-49F3-AAB6-BFDBA2AAB05D}.Debug|iPhone.ActiveCfg = Debug|Any CPU
		{E796E3F2-1CD6-49F3-AAB6-BFDBA2AAB05D}.Debug|iPhone.Build.0 = Debug|Any CPU
		{E796E3F2-1CD6-49F3-AAB6-BFDBA2AAB05D}.Debug|iPhone.Deploy.0 = Debug|Any CPU
		{E796E3F2-1CD6-49F3-AAB6-BFDBA2AAB05D}.Debug|iPhoneSimulator.ActiveCfg = Debug|Any CPU
		{E796E3F2-1CD6-49F3-AAB6-BFDBA2AAB05D}.Debug|iPhoneSimulator.Build.0 = Debug|Any CPU
		{E796E3F2-1CD6-49F3-AAB6-BFDBA2AAB05D}.Debug|iPhoneSimulator.Deploy.0 = Debug|Any CPU
		{E796E3F2-1CD6-49F3-AAB6-BFDBA2AAB05D}.Debug|x64.ActiveCfg = Debug|Any CPU
		{E796E3F2-1CD6-49F3-AAB6-BFDBA2AAB05D}.Debug|x64.Build.0 = Debug|Any CPU
		{E796E3F2-1CD6-49F3-AAB6-BFDBA2AAB05D}.Debug|x64.Deploy.0 = Debug|Any CPU
		{E796E3F2-1CD6-49F3-AAB6-BFDBA2AAB05D}.Release|Any CPU.ActiveCfg = Release|Any CPU
		{E796E3F2-1CD6-49F3-AAB6-BFDBA2AAB05D}.Release|Any CPU.Build.0 = Release|Any CPU
		{E796E3F2-1CD6-49F3-AAB6-BFDBA2AAB05D}.Release|Any CPU.Deploy.0 = Release|Any CPU
		{E796E3F2-1CD6-49F3-AAB6-BFDBA2AAB05D}.Release|iPhone.ActiveCfg = Release|Any CPU
		{E796E3F2-1CD6-49F3-AAB6-BFDBA2AAB05D}.Release|iPhone.Build.0 = Release|Any CPU
		{E796E3F2-1CD6-49F3-AAB6-BFDBA2AAB05D}.Release|iPhone.Deploy.0 = Release|Any CPU
		{E796E3F2-1CD6-49F3-AAB6-BFDBA2AAB05D}.Release|iPhoneSimulator.ActiveCfg = Release|Any CPU
		{E796E3F2-1CD6-49F3-AAB6-BFDBA2AAB05D}.Release|iPhoneSimulator.Build.0 = Release|Any CPU
		{E796E3F2-1CD6-49F3-AAB6-BFDBA2AAB05D}.Release|iPhoneSimulator.Deploy.0 = Release|Any CPU
		{E796E3F2-1CD6-49F3-AAB6-BFDBA2AAB05D}.Release|x64.ActiveCfg = Release|Any CPU
		{E796E3F2-1CD6-49F3-AAB6-BFDBA2AAB05D}.Release|x64.Build.0 = Release|Any CPU
		{E796E3F2-1CD6-49F3-AAB6-BFDBA2AAB05D}.Release|x64.Deploy.0 = Release|Any CPU
		{B0A96F17-C71A-4735-973B-1C90A07F2EBD}.Ad-Hoc|Any CPU.ActiveCfg = Ad-Hoc|iPhone
		{B0A96F17-C71A-4735-973B-1C90A07F2EBD}.Ad-Hoc|iPhone.ActiveCfg = Ad-Hoc|iPhone
		{B0A96F17-C71A-4735-973B-1C90A07F2EBD}.Ad-Hoc|iPhone.Build.0 = Ad-Hoc|iPhone
		{B0A96F17-C71A-4735-973B-1C90A07F2EBD}.Ad-Hoc|iPhoneSimulator.ActiveCfg = Ad-Hoc|iPhoneSimulator
		{B0A96F17-C71A-4735-973B-1C90A07F2EBD}.Ad-Hoc|iPhoneSimulator.Build.0 = Ad-Hoc|iPhoneSimulator
		{B0A96F17-C71A-4735-973B-1C90A07F2EBD}.Ad-Hoc|x64.ActiveCfg = Ad-Hoc|iPhone
		{B0A96F17-C71A-4735-973B-1C90A07F2EBD}.AppStore|Any CPU.ActiveCfg = AppStore|iPhone
		{B0A96F17-C71A-4735-973B-1C90A07F2EBD}.AppStore|iPhone.ActiveCfg = AppStore|iPhone
		{B0A96F17-C71A-4735-973B-1C90A07F2EBD}.AppStore|iPhone.Build.0 = AppStore|iPhone
		{B0A96F17-C71A-4735-973B-1C90A07F2EBD}.AppStore|iPhoneSimulator.ActiveCfg = AppStore|iPhoneSimulator
		{B0A96F17-C71A-4735-973B-1C90A07F2EBD}.AppStore|iPhoneSimulator.Build.0 = AppStore|iPhoneSimulator
		{B0A96F17-C71A-4735-973B-1C90A07F2EBD}.AppStore|x64.ActiveCfg = AppStore|iPhone
		{B0A96F17-C71A-4735-973B-1C90A07F2EBD}.Debug|Any CPU.ActiveCfg = Debug|iPhone
		{B0A96F17-C71A-4735-973B-1C90A07F2EBD}.Debug|iPhone.ActiveCfg = Debug|iPhone
		{B0A96F17-C71A-4735-973B-1C90A07F2EBD}.Debug|iPhone.Build.0 = Debug|iPhone
		{B0A96F17-C71A-4735-973B-1C90A07F2EBD}.Debug|iPhoneSimulator.ActiveCfg = Debug|iPhoneSimulator
		{B0A96F17-C71A-4735-973B-1C90A07F2EBD}.Debug|iPhoneSimulator.Build.0 = Debug|iPhoneSimulator
		{B0A96F17-C71A-4735-973B-1C90A07F2EBD}.Debug|x64.ActiveCfg = Debug|iPhone
		{B0A96F17-C71A-4735-973B-1C90A07F2EBD}.Release|Any CPU.ActiveCfg = Release|iPhone
		{B0A96F17-C71A-4735-973B-1C90A07F2EBD}.Release|iPhone.ActiveCfg = Release|iPhone
		{B0A96F17-C71A-4735-973B-1C90A07F2EBD}.Release|iPhone.Build.0 = Release|iPhone
		{B0A96F17-C71A-4735-973B-1C90A07F2EBD}.Release|iPhoneSimulator.ActiveCfg = Release|iPhoneSimulator
		{B0A96F17-C71A-4735-973B-1C90A07F2EBD}.Release|iPhoneSimulator.Build.0 = Release|iPhoneSimulator
		{B0A96F17-C71A-4735-973B-1C90A07F2EBD}.Release|x64.ActiveCfg = Release|iPhone
		{E74DDAE0-5AEB-4B75-AC47-E5EED54988C8}.Ad-Hoc|Any CPU.ActiveCfg = Debug|Any CPU
		{E74DDAE0-5AEB-4B75-AC47-E5EED54988C8}.Ad-Hoc|Any CPU.Build.0 = Debug|Any CPU
		{E74DDAE0-5AEB-4B75-AC47-E5EED54988C8}.Ad-Hoc|iPhone.ActiveCfg = Debug|Any CPU
		{E74DDAE0-5AEB-4B75-AC47-E5EED54988C8}.Ad-Hoc|iPhone.Build.0 = Debug|Any CPU
		{E74DDAE0-5AEB-4B75-AC47-E5EED54988C8}.Ad-Hoc|iPhoneSimulator.ActiveCfg = Debug|Any CPU
		{E74DDAE0-5AEB-4B75-AC47-E5EED54988C8}.Ad-Hoc|iPhoneSimulator.Build.0 = Debug|Any CPU
		{E74DDAE0-5AEB-4B75-AC47-E5EED54988C8}.Ad-Hoc|x64.ActiveCfg = Debug|Any CPU
		{E74DDAE0-5AEB-4B75-AC47-E5EED54988C8}.Ad-Hoc|x64.Build.0 = Debug|Any CPU
		{E74DDAE0-5AEB-4B75-AC47-E5EED54988C8}.AppStore|Any CPU.ActiveCfg = Debug|Any CPU
		{E74DDAE0-5AEB-4B75-AC47-E5EED54988C8}.AppStore|Any CPU.Build.0 = Debug|Any CPU
		{E74DDAE0-5AEB-4B75-AC47-E5EED54988C8}.AppStore|iPhone.ActiveCfg = Debug|Any CPU
		{E74DDAE0-5AEB-4B75-AC47-E5EED54988C8}.AppStore|iPhone.Build.0 = Debug|Any CPU
		{E74DDAE0-5AEB-4B75-AC47-E5EED54988C8}.AppStore|iPhoneSimulator.ActiveCfg = Debug|Any CPU
		{E74DDAE0-5AEB-4B75-AC47-E5EED54988C8}.AppStore|iPhoneSimulator.Build.0 = Debug|Any CPU
		{E74DDAE0-5AEB-4B75-AC47-E5EED54988C8}.AppStore|x64.ActiveCfg = Debug|Any CPU
		{E74DDAE0-5AEB-4B75-AC47-E5EED54988C8}.AppStore|x64.Build.0 = Debug|Any CPU
		{E74DDAE0-5AEB-4B75-AC47-E5EED54988C8}.Debug|Any CPU.ActiveCfg = Debug|Any CPU
		{E74DDAE0-5AEB-4B75-AC47-E5EED54988C8}.Debug|Any CPU.Build.0 = Debug|Any CPU
		{E74DDAE0-5AEB-4B75-AC47-E5EED54988C8}.Debug|iPhone.ActiveCfg = Debug|Any CPU
		{E74DDAE0-5AEB-4B75-AC47-E5EED54988C8}.Debug|iPhone.Build.0 = Debug|Any CPU
		{E74DDAE0-5AEB-4B75-AC47-E5EED54988C8}.Debug|iPhoneSimulator.ActiveCfg = Debug|Any CPU
		{E74DDAE0-5AEB-4B75-AC47-E5EED54988C8}.Debug|iPhoneSimulator.Build.0 = Debug|Any CPU
		{E74DDAE0-5AEB-4B75-AC47-E5EED54988C8}.Debug|x64.ActiveCfg = Debug|Any CPU
		{E74DDAE0-5AEB-4B75-AC47-E5EED54988C8}.Debug|x64.Build.0 = Debug|Any CPU
		{E74DDAE0-5AEB-4B75-AC47-E5EED54988C8}.Release|Any CPU.ActiveCfg = Release|Any CPU
		{E74DDAE0-5AEB-4B75-AC47-E5EED54988C8}.Release|Any CPU.Build.0 = Release|Any CPU
		{E74DDAE0-5AEB-4B75-AC47-E5EED54988C8}.Release|iPhone.ActiveCfg = Release|Any CPU
		{E74DDAE0-5AEB-4B75-AC47-E5EED54988C8}.Release|iPhone.Build.0 = Release|Any CPU
		{E74DDAE0-5AEB-4B75-AC47-E5EED54988C8}.Release|iPhoneSimulator.ActiveCfg = Release|Any CPU
		{E74DDAE0-5AEB-4B75-AC47-E5EED54988C8}.Release|iPhoneSimulator.Build.0 = Release|Any CPU
		{E74DDAE0-5AEB-4B75-AC47-E5EED54988C8}.Release|x64.ActiveCfg = Release|Any CPU
		{E74DDAE0-5AEB-4B75-AC47-E5EED54988C8}.Release|x64.Build.0 = Release|Any CPU
	EndGlobalSection
	GlobalSection(SolutionProperties) = preSolution
		HideSolutionNode = FALSE
	EndGlobalSection
	GlobalSection(ExtensibilityGlobals) = postSolution
		SolutionGuid = {422A029F-4BB2-405D-A4B2-5DB02D24F8B8}
	EndGlobalSection
EndGlobal
