
Microsoft Visual Studio Solution File, Format Version 12.00
# Visual Studio 15
VisualStudioVersion = 15.0.27428.2015
MinimumVisualStudioVersion = 10.0.40219.1
Project("{FAE04EC0-301F-11D3-BF4B-00C04F79EFBC}") = "MandelbrotWPF", "MandelbrotWPF\MandelbrotWPF.csproj", "{FCECEBD1-F947-4404-A9D9-D02354DA96F2}"
EndProject
Project("{FAE04EC0-301F-11D3-BF4B-00C04F79EFBC}") = "MandelbrotRenderer", "MandelbrotRenderer\MandelbrotRenderer.csproj", "{01760085-EAC6-483C-AD88-D9A7851840AD}"
EndProject
Global
	GlobalSection(SolutionConfigurationPlatforms) = preSolution
		Debug|Any CPU = Debug|Any CPU
		Debug|x64 = Debug|x64
		Release|Any CPU = Release|Any CPU
		Release|x64 = Release|x64
	EndGlobalSection
	GlobalSection(ProjectConfigurationPlatforms) = postSolution
		{FCECEBD1-F947-4404-A9D9-D02354DA96F2}.Debug|Any CPU.ActiveCfg = Debug|Any CPU
		{FCECEBD1-F947-4404-A9D9-D02354DA96F2}.Debug|Any CPU.Build.0 = Debug|Any CPU
		{FCECEBD1-F947-4404-A9D9-D02354DA96F2}.Debug|x64.ActiveCfg = Debug|x64
		{FCECEBD1-F947-4404-A9D9-D02354DA96F2}.Debug|x64.Build.0 = Debug|x64
		{FCECEBD1-F947-4404-A9D9-D02354DA96F2}.Release|Any CPU.ActiveCfg = Release|Any CPU
		{FCECEBD1-F947-4404-A9D9-D02354DA96F2}.Release|Any CPU.Build.0 = Release|Any CPU
		{FCECEBD1-F947-4404-A9D9-D02354DA96F2}.Release|x64.ActiveCfg = Release|x64
		{FCECEBD1-F947-4404-A9D9-D02354DA96F2}.Release|x64.Build.0 = Release|x64
		{01760085-EAC6-483C-AD88-D9A7851840AD}.Debug|Any CPU.ActiveCfg = Debug|Any CPU
		{01760085-EAC6-483C-AD88-D9A7851840AD}.Debug|Any CPU.Build.0 = Debug|Any CPU
		{01760085-EAC6-483C-AD88-D9A7851840AD}.Debug|x64.ActiveCfg = Debug|Any CPU
		{01760085-EAC6-483C-AD88-D9A7851840AD}.Debug|x64.Build.0 = Debug|Any CPU
		{01760085-EAC6-483C-AD88-D9A7851840AD}.Release|Any CPU.ActiveCfg = Release|Any CPU
		{01760085-EAC6-483C-AD88-D9A7851840AD}.Release|Any CPU.Build.0 = Release|Any CPU
		{01760085-EAC6-483C-AD88-D9A7851840AD}.Release|x64.ActiveCfg = Release|Any CPU
		{01760085-EAC6-483C-AD88-D9A7851840AD}.Release|x64.Build.0 = Release|Any CPU
	EndGlobalSection
	GlobalSection(SolutionProperties) = preSolution
		HideSolutionNode = FALSE
	EndGlobalSection
	GlobalSection(ExtensibilityGlobals) = postSolution
		SolutionGuid = {422A029F-4BB2-405D-A4B2-5DB02D24F8B8}
	EndGlobalSection
EndGlobal
